
Microsoft Visual Studio Solution File, Format Version 12.00
# Visual Studio 15
VisualStudioVersion = 15.0.28307.1062
MinimumVisualStudioVersion = 10.0.40219.1
Project("{8BC9CEB8-8B4A-11D0-8D11-00A0C91BC942}") = "toy_example", "toy_example.vcxproj", "{59A3F671-1D99-41B0-B996-347D7A00D6F2}"
	ProjectSection(ProjectDependencies) = postProject
		{CDBB3666-471C-4125-913B-013B726F0265} = {CDBB3666-471C-4125-913B-013B726F0265}
	EndProjectSection
EndProject
Project("{8BC9CEB8-8B4A-11D0-8D11-00A0C91BC942}") = "harness", "harness.vcxproj", "{44205441-1284-45A4-A064-E8BCF3C66CB4}"
	ProjectSection(ProjectDependencies) = postProject
		{59A3F671-1D99-41B0-B996-347D7A00D6F2} = {59A3F671-1D99-41B0-B996-347D7A00D6F2}
	EndProjectSection
EndProject
Project("{8BC9CEB8-8B4A-11D0-8D11-00A0C91BC942}") = "example_library", "example_library.vcxproj", "{CDBB3666-471C-4125-913B-013B726F0265}"
EndProject
Global
	GlobalSection(SolutionConfigurationPlatforms) = preSolution
		Debug|x64 = Debug|x64
		Debug|x86 = Debug|x86
		Release|x64 = Release|x64
		Release|x86 = Release|x86
	EndGlobalSection
	GlobalSection(ProjectConfigurationPlatforms) = postSolution
		{59A3F671-1D99-41B0-B996-347D7A00D6F2}.Debug|x64.ActiveCfg = Debug|x64
		{59A3F671-1D99-41B0-B996-347D7A00D6F2}.Debug|x64.Build.0 = Debug|x64
		{59A3F671-1D99-41B0-B996-347D7A00D6F2}.Debug|x86.ActiveCfg = Debug|Win32
		{59A3F671-1D99-41B0-B996-347D7A00D6F2}.Debug|x86.Build.0 = Debug|Win32
		{59A3F671-1D99-41B0-B996-347D7A00D6F2}.Release|x64.ActiveCfg = Release|x64
		{59A3F671-1D99-41B0-B996-347D7A00D6F2}.Release|x64.Build.0 = Release|x64
		{59A3F671-1D99-41B0-B996-347D7A00D6F2}.Release|x86.ActiveCfg = Release|Win32
		{59A3F671-1D99-41B0-B996-347D7A00D6F2}.Release|x86.Build.0 = Release|Win32
		{44205441-1284-45A4-A064-E8BCF3C66CB4}.Debug|x64.ActiveCfg = Debug|x64
		{44205441-1284-45A4-A064-E8BCF3C66CB4}.Debug|x64.Build.0 = Debug|x64
		{44205441-1284-45A4-A064-E8BCF3C66CB4}.Debug|x86.ActiveCfg = Debug|Win32
		{44205441-1284-45A4-A064-E8BCF3C66CB4}.Debug|x86.Build.0 = Debug|Win32
		{44205441-1284-45A4-A064-E8BCF3C66CB4}.Release|x64.ActiveCfg = Release|x64
		{44205441-1284-45A4-A064-E8BCF3C66CB4}.Release|x64.Build.0 = Release|x64
		{44205441-1284-45A4-A064-E8BCF3C66CB4}.Release|x86.ActiveCfg = Release|Win32
		{44205441-1284-45A4-A064-E8BCF3C66CB4}.Release|x86.Build.0 = Release|Win32
		{CDBB3666-471C-4125-913B-013B726F0265}.Debug|x64.ActiveCfg = Debug|x64
		{CDBB3666-471C-4125-913B-013B726F0265}.Debug|x64.Build.0 = Debug|x64
		{CDBB3666-471C-4125-913B-013B726F0265}.Debug|x86.ActiveCfg = Debug|Win32
		{CDBB3666-471C-4125-913B-013B726F0265}.Debug|x86.Build.0 = Debug|Win32
		{CDBB3666-471C-4125-913B-013B726F0265}.Release|x64.ActiveCfg = Release|x64
		{CDBB3666-471C-4125-913B-013B726F0265}.Release|x64.Build.0 = Release|x64
		{CDBB3666-471C-4125-913B-013B726F0265}.Release|x86.ActiveCfg = Release|Win32
		{CDBB3666-471C-4125-913B-013B726F0265}.Release|x86.Build.0 = Release|Win32
	EndGlobalSection
	GlobalSection(SolutionProperties) = preSolution
		HideSolutionNode = FALSE
	EndGlobalSection
	GlobalSection(ExtensibilityGlobals) = postSolution
		SolutionGuid = {B78E4E18-CD8A-4472-B0BC-BE726E8C1DA9}
	EndGlobalSection
EndGlobal
